
Microsoft Visual Studio Solution File, Format Version 12.00
# Visual Studio Version 17
VisualStudioVersion = 17.3.32819.101
MinimumVisualStudioVersion = 10.0.40219.1
Project("{FAE04EC0-301F-11D3-BF4B-00C04F79EFBC}") = "FormYay", "FormYay\FormYay.csproj", "{810F6652-8471-4DF6-BAE1-F529F6D971EA}"
EndProject
Global
	GlobalSection(SolutionConfigurationPlatforms) = preSolution
		Debug|Any CPU = Debug|Any CPU
		Release|Any CPU = Release|Any CPU
	EndGlobalSection
	GlobalSection(ProjectConfigurationPlatforms) = postSolution
		{810F6652-8471-4DF6-BAE1-F529F6D971EA}.Debug|Any CPU.ActiveCfg = Debug|Any CPU
		{810F6652-8471-4DF6-BAE1-F529F6D971EA}.Debug|Any CPU.Build.0 = Debug|Any CPU
		{810F6652-8471-4DF6-BAE1-F529F6D971EA}.Release|Any CPU.ActiveCfg = Release|Any CPU
		{810F6652-8471-4DF6-BAE1-F529F6D971EA}.Release|Any CPU.Build.0 = Release|Any CPU
	EndGlobalSection
	GlobalSection(SolutionProperties) = preSolution
		HideSolutionNode = FALSE
	EndGlobalSection
	GlobalSection(ExtensibilityGlobals) = postSolution
		SolutionGuid = {ED375FC4-4466-4E22-9593-DF153C02E8DC}
	EndGlobalSection
EndGlobal
